
Microsoft Visual Studio Solution File, Format Version 12.00
# Visual Studio Version 16
VisualStudioVersion = 16.0.31613.86
MinimumVisualStudioVersion = 10.0.40219.1
Project("{FAE04EC0-301F-11D3-BF4B-00C04F79EFBC}") = "Seasons - [Arrays] part 1", "Seasons - [Arrays] part 1\Seasons - [Arrays] part 1.csproj", "{87731503-4DE7-4ABF-B09E-5D27E535362E}"
EndProject
Global
	GlobalSection(SolutionConfigurationPlatforms) = preSolution
		Debug|Any CPU = Debug|Any CPU
		Release|Any CPU = Release|Any CPU
	EndGlobalSection
	GlobalSection(ProjectConfigurationPlatforms) = postSolution
		{87731503-4DE7-4ABF-B09E-5D27E535362E}.Debug|Any CPU.ActiveCfg = Debug|Any CPU
		{87731503-4DE7-4ABF-B09E-5D27E535362E}.Debug|Any CPU.Build.0 = Debug|Any CPU
		{87731503-4DE7-4ABF-B09E-5D27E535362E}.Release|Any CPU.ActiveCfg = Release|Any CPU
		{87731503-4DE7-4ABF-B09E-5D27E535362E}.Release|Any CPU.Build.0 = Release|Any CPU
	EndGlobalSection
	GlobalSection(SolutionProperties) = preSolution
		HideSolutionNode = FALSE
	EndGlobalSection
	GlobalSection(ExtensibilityGlobals) = postSolution
		SolutionGuid = {2D60C713-AA61-4049-B465-D8151E28A49F}
	EndGlobalSection
EndGlobal
