
Microsoft Visual Studio Solution File, Format Version 12.00
# Visual Studio Version 16
VisualStudioVersion = 16.0.31613.86
MinimumVisualStudioVersion = 10.0.40219.1
Project("{FAE04EC0-301F-11D3-BF4B-00C04F79EFBC}") = "Party dilemma [Algorithm design] - part 2", "Party dilemma [Algorithm design] - part 2\Party dilemma [Algorithm design] - part 2.csproj", "{AE45182E-64AE-4943-BF75-A8B8D5259737}"
EndProject
Global
	GlobalSection(SolutionConfigurationPlatforms) = preSolution
		Debug|Any CPU = Debug|Any CPU
		Release|Any CPU = Release|Any CPU
	EndGlobalSection
	GlobalSection(ProjectConfigurationPlatforms) = postSolution
		{AE45182E-64AE-4943-BF75-A8B8D5259737}.Debug|Any CPU.ActiveCfg = Debug|Any CPU
		{AE45182E-64AE-4943-BF75-A8B8D5259737}.Debug|Any CPU.Build.0 = Debug|Any CPU
		{AE45182E-64AE-4943-BF75-A8B8D5259737}.Release|Any CPU.ActiveCfg = Release|Any CPU
		{AE45182E-64AE-4943-BF75-A8B8D5259737}.Release|Any CPU.Build.0 = Release|Any CPU
	EndGlobalSection
	GlobalSection(SolutionProperties) = preSolution
		HideSolutionNode = FALSE
	EndGlobalSection
	GlobalSection(ExtensibilityGlobals) = postSolution
		SolutionGuid = {DBA6D70A-B079-4898-8D87-908BB23D9155}
	EndGlobalSection
EndGlobal
