
Microsoft Visual Studio Solution File, Format Version 12.00
# Visual Studio Version 16
VisualStudioVersion = 16.0.31613.86
MinimumVisualStudioVersion = 10.0.40219.1
Project("{FAE04EC0-301F-11D3-BF4B-00C04F79EFBC}") = "Basilisk Boss battle [lists part 1]", "Basilisk Boss battle [lists part 1]\Basilisk Boss battle [lists part 1].csproj", "{5158FC3A-CD4E-47D2-9710-6AD714CB50C5}"
EndProject
Global
	GlobalSection(SolutionConfigurationPlatforms) = preSolution
		Debug|Any CPU = Debug|Any CPU
		Release|Any CPU = Release|Any CPU
	EndGlobalSection
	GlobalSection(ProjectConfigurationPlatforms) = postSolution
		{5158FC3A-CD4E-47D2-9710-6AD714CB50C5}.Debug|Any CPU.ActiveCfg = Debug|Any CPU
		{5158FC3A-CD4E-47D2-9710-6AD714CB50C5}.Debug|Any CPU.Build.0 = Debug|Any CPU
		{5158FC3A-CD4E-47D2-9710-6AD714CB50C5}.Release|Any CPU.ActiveCfg = Release|Any CPU
		{5158FC3A-CD4E-47D2-9710-6AD714CB50C5}.Release|Any CPU.Build.0 = Release|Any CPU
	EndGlobalSection
	GlobalSection(SolutionProperties) = preSolution
		HideSolutionNode = FALSE
	EndGlobalSection
	GlobalSection(ExtensibilityGlobals) = postSolution
		SolutionGuid = {4DC57C97-589F-4DE0-ADCF-98C4AAAC450C}
	EndGlobalSection
EndGlobal
